{
  "requires": true,
  "lockfileVersion": 1,
  "dependencies": {
    "@mapbox/point-geometry": {
      "version": "0.1.0",
      "resolved": "https://registry.npmjs.org/@mapbox/point-geometry/-/point-geometry-0.1.0.tgz",
      "integrity": "sha1-ioP5M1x4YO/6Lu7KJUMyqgru2PI="
    },
    "eventemitter3": {
      "version": "1.2.0",
      "resolved": "https://registry.npmjs.org/eventemitter3/-/eventemitter3-1.2.0.tgz",
      "integrity": "sha1-HIaZHYFq0eUEdQ5zh0Ik7PO+xQg="
    },
    "google-map-react": {
      "version": "1.0.6",
      "resolved": "https://registry.npmjs.org/google-map-react/-/google-map-react-1.0.6.tgz",
      "integrity": "sha512-QHl0LxL8UJE8mniPGM/SZyjoF43qGBUqRxiXtcvCUenM0oCZNOnDq/6M9DegzvPYoPtgWrcZVGT4l0F9hoDu5g==",
      "requires": {
        "@mapbox/point-geometry": "^0.1.0",
        "eventemitter3": "^1.1.0",
        "scriptjs": "^2.5.7"
      }
    },
    "scriptjs": {
      "version": "2.5.8",
      "resolved": "https://registry.npmjs.org/scriptjs/-/scriptjs-2.5.8.tgz",
      "integrity": "sha1-0MQ5VcLmutM7bk7fe1O4llqnyl8="
    }
  }
}
